
Microsoft Visual Studio Solution File, Format Version 12.00
# Visual Studio 2012
Project("{FAE04EC0-301F-11D3-BF4B-00C04F79EFBC}") = "SystemMonitoringForTheLearningProcess", "SystemMonitoringForTheLearningProcess\SystemMonitoringForTheLearningProcess.csproj", "{D8CE778F-F048-4107-80F1-6CC15DA34F9B}"
EndProject
Project("{FAE04EC0-301F-11D3-BF4B-00C04F79EFBC}") = "SystemMonitoringForTheLearningProcessScreens", "SystemMonitoringForTheLearningProcess\SystemMonitoringForTheLearningProcessScreens\SystemMonitoringForTheLearningProcessScreens.csproj", "{33D10D27-F03C-4A64-A7FD-EB0D72AB4ECE}"
EndProject
Project("{FAE04EC0-301F-11D3-BF4B-00C04F79EFBC}") = "SystemMonitoring", "SystemMonitoring\SystemMonitoring.csproj", "{06979BF7-EF4D-47F1-BAE1-71A0D177B055}"
EndProject
Global
	GlobalSection(SolutionConfigurationPlatforms) = preSolution
		Debug|Any CPU = Debug|Any CPU
		Debug|ARM = Debug|ARM
		Debug|x86 = Debug|x86
		Release|Any CPU = Release|Any CPU
		Release|ARM = Release|ARM
		Release|x86 = Release|x86
	EndGlobalSection
	GlobalSection(ProjectConfigurationPlatforms) = postSolution
		{D8CE778F-F048-4107-80F1-6CC15DA34F9B}.Debug|Any CPU.ActiveCfg = Debug|Any CPU
		{D8CE778F-F048-4107-80F1-6CC15DA34F9B}.Debug|Any CPU.Build.0 = Debug|Any CPU
		{D8CE778F-F048-4107-80F1-6CC15DA34F9B}.Debug|ARM.ActiveCfg = Debug|Any CPU
		{D8CE778F-F048-4107-80F1-6CC15DA34F9B}.Debug|x86.ActiveCfg = Debug|Any CPU
		{D8CE778F-F048-4107-80F1-6CC15DA34F9B}.Release|Any CPU.ActiveCfg = Release|Any CPU
		{D8CE778F-F048-4107-80F1-6CC15DA34F9B}.Release|Any CPU.Build.0 = Release|Any CPU
		{D8CE778F-F048-4107-80F1-6CC15DA34F9B}.Release|ARM.ActiveCfg = Release|Any CPU
		{D8CE778F-F048-4107-80F1-6CC15DA34F9B}.Release|x86.ActiveCfg = Release|Any CPU
		{33D10D27-F03C-4A64-A7FD-EB0D72AB4ECE}.Debug|Any CPU.ActiveCfg = Debug|Any CPU
		{33D10D27-F03C-4A64-A7FD-EB0D72AB4ECE}.Debug|Any CPU.Build.0 = Debug|Any CPU
		{33D10D27-F03C-4A64-A7FD-EB0D72AB4ECE}.Debug|ARM.ActiveCfg = Debug|Any CPU
		{33D10D27-F03C-4A64-A7FD-EB0D72AB4ECE}.Debug|x86.ActiveCfg = Debug|Any CPU
		{33D10D27-F03C-4A64-A7FD-EB0D72AB4ECE}.Release|Any CPU.ActiveCfg = Release|Any CPU
		{33D10D27-F03C-4A64-A7FD-EB0D72AB4ECE}.Release|Any CPU.Build.0 = Release|Any CPU
		{33D10D27-F03C-4A64-A7FD-EB0D72AB4ECE}.Release|ARM.ActiveCfg = Release|Any CPU
		{33D10D27-F03C-4A64-A7FD-EB0D72AB4ECE}.Release|x86.ActiveCfg = Release|Any CPU
		{06979BF7-EF4D-47F1-BAE1-71A0D177B055}.Debug|Any CPU.ActiveCfg = Debug|Any CPU
		{06979BF7-EF4D-47F1-BAE1-71A0D177B055}.Debug|Any CPU.Build.0 = Debug|Any CPU
		{06979BF7-EF4D-47F1-BAE1-71A0D177B055}.Debug|Any CPU.Deploy.0 = Debug|Any CPU
		{06979BF7-EF4D-47F1-BAE1-71A0D177B055}.Debug|ARM.ActiveCfg = Debug|ARM
		{06979BF7-EF4D-47F1-BAE1-71A0D177B055}.Debug|ARM.Build.0 = Debug|ARM
		{06979BF7-EF4D-47F1-BAE1-71A0D177B055}.Debug|ARM.Deploy.0 = Debug|ARM
		{06979BF7-EF4D-47F1-BAE1-71A0D177B055}.Debug|x86.ActiveCfg = Debug|x86
		{06979BF7-EF4D-47F1-BAE1-71A0D177B055}.Debug|x86.Build.0 = Debug|x86
		{06979BF7-EF4D-47F1-BAE1-71A0D177B055}.Debug|x86.Deploy.0 = Debug|x86
		{06979BF7-EF4D-47F1-BAE1-71A0D177B055}.Release|Any CPU.ActiveCfg = Release|Any CPU
		{06979BF7-EF4D-47F1-BAE1-71A0D177B055}.Release|Any CPU.Build.0 = Release|Any CPU
		{06979BF7-EF4D-47F1-BAE1-71A0D177B055}.Release|Any CPU.Deploy.0 = Release|Any CPU
		{06979BF7-EF4D-47F1-BAE1-71A0D177B055}.Release|ARM.ActiveCfg = Release|ARM
		{06979BF7-EF4D-47F1-BAE1-71A0D177B055}.Release|ARM.Build.0 = Release|ARM
		{06979BF7-EF4D-47F1-BAE1-71A0D177B055}.Release|ARM.Deploy.0 = Release|ARM
		{06979BF7-EF4D-47F1-BAE1-71A0D177B055}.Release|x86.ActiveCfg = Release|x86
		{06979BF7-EF4D-47F1-BAE1-71A0D177B055}.Release|x86.Build.0 = Release|x86
		{06979BF7-EF4D-47F1-BAE1-71A0D177B055}.Release|x86.Deploy.0 = Release|x86
	EndGlobalSection
	GlobalSection(SolutionProperties) = preSolution
		HideSolutionNode = FALSE
	EndGlobalSection
EndGlobal
